
Microsoft Visual Studio Solution File, Format Version 12.00
# Visual Studio Version 16
VisualStudioVersion = 16.0.30804.86
MinimumVisualStudioVersion = 10.0.40219.1
Project("{FAE04EC0-301F-11D3-BF4B-00C04F79EFBC}") = "DeviceSimulator", "DeviceSimulator\DeviceSimulator.csproj", "{97962288-88B5-4561-AA50-9B35CAE120CD}"
EndProject
Global
	GlobalSection(SolutionConfigurationPlatforms) = preSolution
		Debug|Any CPU = Debug|Any CPU
		Release|Any CPU = Release|Any CPU
	EndGlobalSection
	GlobalSection(ProjectConfigurationPlatforms) = postSolution
		{97962288-88B5-4561-AA50-9B35CAE120CD}.Debug|Any CPU.ActiveCfg = Debug|Any CPU
		{97962288-88B5-4561-AA50-9B35CAE120CD}.Debug|Any CPU.Build.0 = Debug|Any CPU
		{97962288-88B5-4561-AA50-9B35CAE120CD}.Release|Any CPU.ActiveCfg = Release|Any CPU
		{97962288-88B5-4561-AA50-9B35CAE120CD}.Release|Any CPU.Build.0 = Release|Any CPU
	EndGlobalSection
	GlobalSection(SolutionProperties) = preSolution
		HideSolutionNode = FALSE
	EndGlobalSection
	GlobalSection(ExtensibilityGlobals) = postSolution
		SolutionGuid = {79953D79-A657-4093-8808-6F251EB35BD8}
	EndGlobalSection
EndGlobal
